// !$*UTF8*$!
{
	archiveVersion = 1;
	classes = {
	};
	objectVersion = 56;
	objects = {

/* Begin PBXBuildFile section */
		01F73836E34CCFFA918E9EEC /* Pods_prototype_ios_prototype_iosUITests.framework in Frameworks */ = {isa = PBXBuildFile; fileRef = 047C91BF8AD04EA9EF3DFD24 /* Pods_prototype_ios_prototype_iosUITests.framework */; };
		59C539782B98477E00BA01CD /* prototype_iosApp.swift in Sources */ = {isa = PBXBuildFile; fileRef = 59C539772B98477E00BA01CD /* prototype_iosApp.swift */; };
		59C5397C2B98477F00BA01CD /* Assets.xcassets in Resources */ = {isa = PBXBuildFile; fileRef = 59C5397B2B98477F00BA01CD /* Assets.xcassets */; };
		59C5397F2B98477F00BA01CD /* Preview Assets.xcassets in Resources */ = {isa = PBXBuildFile; fileRef = 59C5397E2B98477F00BA01CD /* Preview Assets.xcassets */; };
		59C539892B98478000BA01CD /* prototype_iosTests.swift in Sources */ = {isa = PBXBuildFile; fileRef = 59C539882B98478000BA01CD /* prototype_iosTests.swift */; };
		59C539932B98478000BA01CD /* prototype_iosUITests.swift in Sources */ = {isa = PBXBuildFile; fileRef = 59C539922B98478000BA01CD /* prototype_iosUITests.swift */; };
		59C539952B98478000BA01CD /* prototype_iosUITestsLaunchTests.swift in Sources */ = {isa = PBXBuildFile; fileRef = 59C539942B98478000BA01CD /* prototype_iosUITestsLaunchTests.swift */; };
		59C539A22B9857E100BA01CD /* SpeechRecognizer.swift in Sources */ = {isa = PBXBuildFile; fileRef = 59C539A12B9857E100BA01CD /* SpeechRecognizer.swift */; };
		59C539A52B986D9E00BA01CD /* TextProcessor.swift in Sources */ = {isa = PBXBuildFile; fileRef = 59C539A42B986D9E00BA01CD /* TextProcessor.swift */; };
		59C539AB2B9886F800BA01CD /* MainViewModel.swift in Sources */ = {isa = PBXBuildFile; fileRef = 59C539AA2B9886F800BA01CD /* MainViewModel.swift */; };
		59C539AD2B98876200BA01CD /* MainView.swift in Sources */ = {isa = PBXBuildFile; fileRef = 59C539AC2B98876200BA01CD /* MainView.swift */; };
		59D500A62B9AE7B300ECF95F /* WikiopediaManager.swift in Sources */ = {isa = PBXBuildFile; fileRef = 59D500A52B9AE7B300ECF95F /* WikiopediaManager.swift */; };
		67DC0B20698073CD05A39E25 /* Pods_prototype_iosTests.framework in Frameworks */ = {isa = PBXBuildFile; fileRef = A356529AD9541A2A21FD5DED /* Pods_prototype_iosTests.framework */; };
		F03A22D19DE26CB0E9B08D09 /* Pods_prototype_ios.framework in Frameworks */ = {isa = PBXBuildFile; fileRef = 7F187C91D61769B648FF954C /* Pods_prototype_ios.framework */; };
/* End PBXBuildFile section */

/* Begin PBXContainerItemProxy section */
		59C539852B98478000BA01CD /* PBXContainerItemProxy */ = {
			isa = PBXContainerItemProxy;
			containerPortal = 59C5396C2B98477E00BA01CD /* Project object */;
			proxyType = 1;
			remoteGlobalIDString = 59C539732B98477E00BA01CD;
			remoteInfo = "prototype-ios";
		};
		59C5398F2B98478000BA01CD /* PBXContainerItemProxy */ = {
			isa = PBXContainerItemProxy;
			containerPortal = 59C5396C2B98477E00BA01CD /* Project object */;
			proxyType = 1;
			remoteGlobalIDString = 59C539732B98477E00BA01CD;
			remoteInfo = "prototype-ios";
		};
/* End PBXContainerItemProxy section */

/* Begin PBXFileReference section */
		047C91BF8AD04EA9EF3DFD24 /* Pods_prototype_ios_prototype_iosUITests.framework */ = {isa = PBXFileReference; explicitFileType = wrapper.framework; includeInIndex = 0; path = Pods_prototype_ios_prototype_iosUITests.framework; sourceTree = BUILT_PRODUCTS_DIR; };
		2E9412BF24E8E6BD87C97AE2 /* Pods-prototype-iosTests.release.xcconfig */ = {isa = PBXFileReference; includeInIndex = 1; lastKnownFileType = text.xcconfig; name = "Pods-prototype-iosTests.release.xcconfig"; path = "Target Support Files/Pods-prototype-iosTests/Pods-prototype-iosTests.release.xcconfig"; sourceTree = "<group>"; };
		4B0744C1A0300B8DBF96D6E5 /* Pods-prototype-ios.release.xcconfig */ = {isa = PBXFileReference; includeInIndex = 1; lastKnownFileType = text.xcconfig; name = "Pods-prototype-ios.release.xcconfig"; path = "Target Support Files/Pods-prototype-ios/Pods-prototype-ios.release.xcconfig"; sourceTree = "<group>"; };
		549BF7859D1CCEBA498EDCD6 /* Pods-prototype-iosTests.debug.xcconfig */ = {isa = PBXFileReference; includeInIndex = 1; lastKnownFileType = text.xcconfig; name = "Pods-prototype-iosTests.debug.xcconfig"; path = "Target Support Files/Pods-prototype-iosTests/Pods-prototype-iosTests.debug.xcconfig"; sourceTree = "<group>"; };
		59C539742B98477E00BA01CD /* prototype-ios.app */ = {isa = PBXFileReference; explicitFileType = wrapper.application; includeInIndex = 0; path = "prototype-ios.app"; sourceTree = BUILT_PRODUCTS_DIR; };
		59C539772B98477E00BA01CD /* prototype_iosApp.swift */ = {isa = PBXFileReference; lastKnownFileType = sourcecode.swift; path = prototype_iosApp.swift; sourceTree = "<group>"; };
		59C5397B2B98477F00BA01CD /* Assets.xcassets */ = {isa = PBXFileReference; lastKnownFileType = folder.assetcatalog; path = Assets.xcassets; sourceTree = "<group>"; };
		59C5397E2B98477F00BA01CD /* Preview Assets.xcassets */ = {isa = PBXFileReference; lastKnownFileType = folder.assetcatalog; path = "Preview Assets.xcassets"; sourceTree = "<group>"; };
		59C539842B98478000BA01CD /* prototype-iosTests.xctest */ = {isa = PBXFileReference; explicitFileType = wrapper.cfbundle; includeInIndex = 0; path = "prototype-iosTests.xctest"; sourceTree = BUILT_PRODUCTS_DIR; };
		59C539882B98478000BA01CD /* prototype_iosTests.swift */ = {isa = PBXFileReference; lastKnownFileType = sourcecode.swift; path = prototype_iosTests.swift; sourceTree = "<group>"; };
		59C5398E2B98478000BA01CD /* prototype-iosUITests.xctest */ = {isa = PBXFileReference; explicitFileType = wrapper.cfbundle; includeInIndex = 0; path = "prototype-iosUITests.xctest"; sourceTree = BUILT_PRODUCTS_DIR; };
		59C539922B98478000BA01CD /* prototype_iosUITests.swift */ = {isa = PBXFileReference; lastKnownFileType = sourcecode.swift; path = prototype_iosUITests.swift; sourceTree = "<group>"; };
		59C539942B98478000BA01CD /* prototype_iosUITestsLaunchTests.swift */ = {isa = PBXFileReference; lastKnownFileType = sourcecode.swift; path = prototype_iosUITestsLaunchTests.swift; sourceTree = "<group>"; };
		59C539A12B9857E100BA01CD /* SpeechRecognizer.swift */ = {isa = PBXFileReference; lastKnownFileType = sourcecode.swift; path = SpeechRecognizer.swift; sourceTree = "<group>"; };
		59C539A32B98592E00BA01CD /* Info.plist */ = {isa = PBXFileReference; lastKnownFileType = text.plist; path = Info.plist; sourceTree = "<group>"; };
		59C539A42B986D9E00BA01CD /* TextProcessor.swift */ = {isa = PBXFileReference; lastKnownFileType = sourcecode.swift; path = TextProcessor.swift; sourceTree = "<group>"; };
		59C539AA2B9886F800BA01CD /* MainViewModel.swift */ = {isa = PBXFileReference; lastKnownFileType = sourcecode.swift; path = MainViewModel.swift; sourceTree = "<group>"; };
		59C539AC2B98876200BA01CD /* MainView.swift */ = {isa = PBXFileReference; lastKnownFileType = sourcecode.swift; path = MainView.swift; sourceTree = "<group>"; };
		59D500A32B99C8A300ECF95F /* NaturalLanguage.framework */ = {isa = PBXFileReference; lastKnownFileType = wrapper.framework; name = NaturalLanguage.framework; path = System/Library/Frameworks/NaturalLanguage.framework; sourceTree = SDKROOT; };
		59D500A52B9AE7B300ECF95F /* WikiopediaManager.swift */ = {isa = PBXFileReference; lastKnownFileType = sourcecode.swift; path = WikiopediaManager.swift; sourceTree = "<group>"; };
		5C0E7AB9430FF5D2AE36E663 /* Pods-prototype-ios-prototype-iosUITests.debug.xcconfig */ = {isa = PBXFileReference; includeInIndex = 1; lastKnownFileType = text.xcconfig; name = "Pods-prototype-ios-prototype-iosUITests.debug.xcconfig"; path = "Target Support Files/Pods-prototype-ios-prototype-iosUITests/Pods-prototype-ios-prototype-iosUITests.debug.xcconfig"; sourceTree = "<group>"; };
		6F1D7D375D918F6C2174B0EA /* Pods-prototype-ios.debug.xcconfig */ = {isa = PBXFileReference; includeInIndex = 1; lastKnownFileType = text.xcconfig; name = "Pods-prototype-ios.debug.xcconfig"; path = "Target Support Files/Pods-prototype-ios/Pods-prototype-ios.debug.xcconfig"; sourceTree = "<group>"; };
		7F187C91D61769B648FF954C /* Pods_prototype_ios.framework */ = {isa = PBXFileReference; explicitFileType = wrapper.framework; includeInIndex = 0; path = Pods_prototype_ios.framework; sourceTree = BUILT_PRODUCTS_DIR; };
		A356529AD9541A2A21FD5DED /* Pods_prototype_iosTests.framework */ = {isa = PBXFileReference; explicitFileType = wrapper.framework; includeInIndex = 0; path = Pods_prototype_iosTests.framework; sourceTree = BUILT_PRODUCTS_DIR; };
		C8F221A6FF7C8DDDC39950C9 /* Pods-prototype-ios-prototype-iosUITests.release.xcconfig */ = {isa = PBXFileReference; includeInIndex = 1; lastKnownFileType = text.xcconfig; name = "Pods-prototype-ios-prototype-iosUITests.release.xcconfig"; path = "Target Support Files/Pods-prototype-ios-prototype-iosUITests/Pods-prototype-ios-prototype-iosUITests.release.xcconfig"; sourceTree = "<group>"; };
/* End PBXFileReference section */

/* Begin PBXFrameworksBuildPhase section */
		59C539712B98477E00BA01CD /* Frameworks */ = {
			isa = PBXFrameworksBuildPhase;
			buildActionMask = 2147483647;
			files = (
				F03A22D19DE26CB0E9B08D09 /* Pods_prototype_ios.framework in Frameworks */,
			);
			runOnlyForDeploymentPostprocessing = 0;
		};
		59C539812B98478000BA01CD /* Frameworks */ = {
			isa = PBXFrameworksBuildPhase;
			buildActionMask = 2147483647;
			files = (
				67DC0B20698073CD05A39E25 /* Pods_prototype_iosTests.framework in Frameworks */,
			);
			runOnlyForDeploymentPostprocessing = 0;
		};
		59C5398B2B98478000BA01CD /* Frameworks */ = {
			isa = PBXFrameworksBuildPhase;
			buildActionMask = 2147483647;
			files = (
				01F73836E34CCFFA918E9EEC /* Pods_prototype_ios_prototype_iosUITests.framework in Frameworks */,
			);
			runOnlyForDeploymentPostprocessing = 0;
		};
/* End PBXFrameworksBuildPhase section */

/* Begin PBXGroup section */
		59C5396B2B98477E00BA01CD = {
			isa = PBXGroup;
			children = (
				59C539762B98477E00BA01CD /* prototype-ios */,
				59C539872B98478000BA01CD /* prototype-iosTests */,
				59C539912B98478000BA01CD /* prototype-iosUITests */,
				59C539752B98477E00BA01CD /* Products */,
				59D500A22B99C8A300ECF95F /* Frameworks */,
				7ED9F68FD3C35AD3BC2984A2 /* Pods */,
			);
			sourceTree = "<group>";
		};
		59C539752B98477E00BA01CD /* Products */ = {
			isa = PBXGroup;
			children = (
				59C539742B98477E00BA01CD /* prototype-ios.app */,
				59C539842B98478000BA01CD /* prototype-iosTests.xctest */,
				59C5398E2B98478000BA01CD /* prototype-iosUITests.xctest */,
			);
			name = Products;
			sourceTree = "<group>";
		};
		59C539762B98477E00BA01CD /* prototype-ios */ = {
			isa = PBXGroup;
			children = (
				59C539A32B98592E00BA01CD /* Info.plist */,
				59C539A12B9857E100BA01CD /* SpeechRecognizer.swift */,
				59D500A52B9AE7B300ECF95F /* WikiopediaManager.swift */,
				59C539A42B986D9E00BA01CD /* TextProcessor.swift */,
				59C539772B98477E00BA01CD /* prototype_iosApp.swift */,
				59C539AA2B9886F800BA01CD /* MainViewModel.swift */,
				59C539AC2B98876200BA01CD /* MainView.swift */,
				59C5397B2B98477F00BA01CD /* Assets.xcassets */,
				59C5397D2B98477F00BA01CD /* Preview Content */,
			);
			path = "prototype-ios";
			sourceTree = "<group>";
		};
		59C5397D2B98477F00BA01CD /* Preview Content */ = {
			isa = PBXGroup;
			children = (
				59C5397E2B98477F00BA01CD /* Preview Assets.xcassets */,
			);
			path = "Preview Content";
			sourceTree = "<group>";
		};
		59C539872B98478000BA01CD /* prototype-iosTests */ = {
			isa = PBXGroup;
			children = (
				59C539882B98478000BA01CD /* prototype_iosTests.swift */,
			);
			path = "prototype-iosTests";
			sourceTree = "<group>";
		};
		59C539912B98478000BA01CD /* prototype-iosUITests */ = {
			isa = PBXGroup;
			children = (
				59C539922B98478000BA01CD /* prototype_iosUITests.swift */,
				59C539942B98478000BA01CD /* prototype_iosUITestsLaunchTests.swift */,
			);
			path = "prototype-iosUITests";
			sourceTree = "<group>";
		};
		59D500A22B99C8A300ECF95F /* Frameworks */ = {
			isa = PBXGroup;
			children = (
				59D500A32B99C8A300ECF95F /* NaturalLanguage.framework */,
				7F187C91D61769B648FF954C /* Pods_prototype_ios.framework */,
				047C91BF8AD04EA9EF3DFD24 /* Pods_prototype_ios_prototype_iosUITests.framework */,
				A356529AD9541A2A21FD5DED /* Pods_prototype_iosTests.framework */,
			);
			name = Frameworks;
			sourceTree = "<group>";
		};
		7ED9F68FD3C35AD3BC2984A2 /* Pods */ = {
			isa = PBXGroup;
			children = (
				6F1D7D375D918F6C2174B0EA /* Pods-prototype-ios.debug.xcconfig */,
				4B0744C1A0300B8DBF96D6E5 /* Pods-prototype-ios.release.xcconfig */,
				5C0E7AB9430FF5D2AE36E663 /* Pods-prototype-ios-prototype-iosUITests.debug.xcconfig */,
				C8F221A6FF7C8DDDC39950C9 /* Pods-prototype-ios-prototype-iosUITests.release.xcconfig */,
				549BF7859D1CCEBA498EDCD6 /* Pods-prototype-iosTests.debug.xcconfig */,
				2E9412BF24E8E6BD87C97AE2 /* Pods-prototype-iosTests.release.xcconfig */,
			);
			path = Pods;
			sourceTree = "<group>";
		};
/* End PBXGroup section */

/* Begin PBXNativeTarget section */
		59C539732B98477E00BA01CD /* prototype-ios */ = {
			isa = PBXNativeTarget;
			buildConfigurationList = 59C539982B98478000BA01CD /* Build configuration list for PBXNativeTarget "prototype-ios" */;
			buildPhases = (
				DB26CC74EEF2B3A086C6CD0F /* [CP] Check Pods Manifest.lock */,
				59C539702B98477E00BA01CD /* Sources */,
				59C539712B98477E00BA01CD /* Frameworks */,
				59C539722B98477E00BA01CD /* Resources */,
				80F049604246FD39C35117DF /* [CP] Embed Pods Frameworks */,
			);
			buildRules = (
			);
			dependencies = (
			);
			name = "prototype-ios";
			productName = "prototype-ios";
			productReference = 59C539742B98477E00BA01CD /* prototype-ios.app */;
			productType = "com.apple.product-type.application";
		};
		59C539832B98478000BA01CD /* prototype-iosTests */ = {
			isa = PBXNativeTarget;
			buildConfigurationList = 59C5399B2B98478000BA01CD /* Build configuration list for PBXNativeTarget "prototype-iosTests" */;
			buildPhases = (
				EF34163D125E0C46AE4051E8 /* [CP] Check Pods Manifest.lock */,
				59C539802B98478000BA01CD /* Sources */,
				59C539812B98478000BA01CD /* Frameworks */,
				59C539822B98478000BA01CD /* Resources */,
			);
			buildRules = (
			);
			dependencies = (
				59C539862B98478000BA01CD /* PBXTargetDependency */,
			);
			name = "prototype-iosTests";
			productName = "prototype-iosTests";
			productReference = 59C539842B98478000BA01CD /* prototype-iosTests.xctest */;
			productType = "com.apple.product-type.bundle.unit-test";
		};
		59C5398D2B98478000BA01CD /* prototype-iosUITests */ = {
			isa = PBXNativeTarget;
			buildConfigurationList = 59C5399E2B98478000BA01CD /* Build configuration list for PBXNativeTarget "prototype-iosUITests" */;
			buildPhases = (
				9F00AD8D904185B99B6664DF /* [CP] Check Pods Manifest.lock */,
				59C5398A2B98478000BA01CD /* Sources */,
				59C5398B2B98478000BA01CD /* Frameworks */,
				59C5398C2B98478000BA01CD /* Resources */,
				607D29A404F77AF4BDE37122 /* [CP] Embed Pods Frameworks */,
			);
			buildRules = (
			);
			dependencies = (
				59C539902B98478000BA01CD /* PBXTargetDependency */,
			);
			name = "prototype-iosUITests";
			productName = "prototype-iosUITests";
			productReference = 59C5398E2B98478000BA01CD /* prototype-iosUITests.xctest */;
			productType = "com.apple.product-type.bundle.ui-testing";
		};
/* End PBXNativeTarget section */

/* Begin PBXProject section */
		59C5396C2B98477E00BA01CD /* Project object */ = {
			isa = PBXProject;
			attributes = {
				BuildIndependentTargetsInParallel = 1;
				LastSwiftUpdateCheck = 1520;
				LastUpgradeCheck = 1520;
				TargetAttributes = {
					59C539732B98477E00BA01CD = {
						CreatedOnToolsVersion = 15.2;
					};
					59C539832B98478000BA01CD = {
						CreatedOnToolsVersion = 15.2;
						TestTargetID = 59C539732B98477E00BA01CD;
					};
					59C5398D2B98478000BA01CD = {
						CreatedOnToolsVersion = 15.2;
						TestTargetID = 59C539732B98477E00BA01CD;
					};
				};
			};
			buildConfigurationList = 59C5396F2B98477E00BA01CD /* Build configuration list for PBXProject "prototype-ios" */;
			compatibilityVersion = "Xcode 14.0";
			developmentRegion = en;
			hasScannedForEncodings = 0;
			knownRegions = (
				en,
				Base,
			);
			mainGroup = 59C5396B2B98477E00BA01CD;
			productRefGroup = 59C539752B98477E00BA01CD /* Products */;
			projectDirPath = "";
			projectRoot = "";
			targets = (
				59C539732B98477E00BA01CD /* prototype-ios */,
				59C539832B98478000BA01CD /* prototype-iosTests */,
				59C5398D2B98478000BA01CD /* prototype-iosUITests */,
			);
		};
/* End PBXProject section */

/* Begin PBXResourcesBuildPhase section */
		59C539722B98477E00BA01CD /* Resources */ = {
			isa = PBXResourcesBuildPhase;
			buildActionMask = 2147483647;
			files = (
				59C5397F2B98477F00BA01CD /* Preview Assets.xcassets in Resources */,
				59C5397C2B98477F00BA01CD /* Assets.xcassets in Resources */,
			);
			runOnlyForDeploymentPostprocessing = 0;
		};
		59C539822B98478000BA01CD /* Resources */ = {
			isa = PBXResourcesBuildPhase;
			buildActionMask = 2147483647;
			files = (
			);
			runOnlyForDeploymentPostprocessing = 0;
		};
		59C5398C2B98478000BA01CD /* Resources */ = {
			isa = PBXResourcesBuildPhase;
			buildActionMask = 2147483647;
			files = (
			);
			runOnlyForDeploymentPostprocessing = 0;
		};
/* End PBXResourcesBuildPhase section */

/* Begin PBXShellScriptBuildPhase section */
		607D29A404F77AF4BDE37122 /* [CP] Embed Pods Frameworks */ = {
			isa = PBXShellScriptBuildPhase;
			buildActionMask = 2147483647;
			files = (
			);
			inputFileListPaths = (
				"${PODS_ROOT}/Target Support Files/Pods-prototype-ios-prototype-iosUITests/Pods-prototype-ios-prototype-iosUITests-frameworks-${CONFIGURATION}-input-files.xcfilelist",
			);
			name = "[CP] Embed Pods Frameworks";
			outputFileListPaths = (
				"${PODS_ROOT}/Target Support Files/Pods-prototype-ios-prototype-iosUITests/Pods-prototype-ios-prototype-iosUITests-frameworks-${CONFIGURATION}-output-files.xcfilelist",
			);
			runOnlyForDeploymentPostprocessing = 0;
			shellPath = /bin/sh;
			shellScript = "\"${PODS_ROOT}/Target Support Files/Pods-prototype-ios-prototype-iosUITests/Pods-prototype-ios-prototype-iosUITests-frameworks.sh\"\n";
			showEnvVarsInLog = 0;
		};
		80F049604246FD39C35117DF /* [CP] Embed Pods Frameworks */ = {
			isa = PBXShellScriptBuildPhase;
			buildActionMask = 2147483647;
			files = (
			);
			inputFileListPaths = (
				"${PODS_ROOT}/Target Support Files/Pods-prototype-ios/Pods-prototype-ios-frameworks-${CONFIGURATION}-input-files.xcfilelist",
			);
			name = "[CP] Embed Pods Frameworks";
			outputFileListPaths = (
				"${PODS_ROOT}/Target Support Files/Pods-prototype-ios/Pods-prototype-ios-frameworks-${CONFIGURATION}-output-files.xcfilelist",
			);
			runOnlyForDeploymentPostprocessing = 0;
			shellPath = /bin/sh;
			shellScript = "\"${PODS_ROOT}/Target Support Files/Pods-prototype-ios/Pods-prototype-ios-frameworks.sh\"\n";
			showEnvVarsInLog = 0;
		};
		9F00AD8D904185B99B6664DF /* [CP] Check Pods Manifest.lock */ = {
			isa = PBXShellScriptBuildPhase;
			buildActionMask = 2147483647;
			files = (
			);
			inputFileListPaths = (
			);
			inputPaths = (
				"${PODS_PODFILE_DIR_PATH}/Podfile.lock",
				"${PODS_ROOT}/Manifest.lock",
			);
			name = "[CP] Check Pods Manifest.lock";
			outputFileListPaths = (
			);
			outputPaths = (
				"$(DERIVED_FILE_DIR)/Pods-prototype-ios-prototype-iosUITests-checkManifestLockResult.txt",
			);
			runOnlyForDeploymentPostprocessing = 0;
			shellPath = /bin/sh;
			shellScript = "diff \"${PODS_PODFILE_DIR_PATH}/Podfile.lock\" \"${PODS_ROOT}/Manifest.lock\" > /dev/null\nif [ $? != 0 ] ; then\n    # print error to STDERR\n    echo \"error: The sandbox is not in sync with the Podfile.lock. Run 'pod install' or update your CocoaPods installation.\" >&2\n    exit 1\nfi\n# This output is used by Xcode 'outputs' to avoid re-running this script phase.\necho \"SUCCESS\" > \"${SCRIPT_OUTPUT_FILE_0}\"\n";
			showEnvVarsInLog = 0;
		};
		DB26CC74EEF2B3A086C6CD0F /* [CP] Check Pods Manifest.lock */ = {
			isa = PBXShellScriptBuildPhase;
			buildActionMask = 2147483647;
			files = (
			);
			inputFileListPaths = (
			);
			inputPaths = (
				"${PODS_PODFILE_DIR_PATH}/Podfile.lock",
				"${PODS_ROOT}/Manifest.lock",
			);
			name = "[CP] Check Pods Manifest.lock";
			outputFileListPaths = (
			);
			outputPaths = (
				"$(DERIVED_FILE_DIR)/Pods-prototype-ios-checkManifestLockResult.txt",
			);
			runOnlyForDeploymentPostprocessing = 0;
			shellPath = /bin/sh;
			shellScript = "diff \"${PODS_PODFILE_DIR_PATH}/Podfile.lock\" \"${PODS_ROOT}/Manifest.lock\" > /dev/null\nif [ $? != 0 ] ; then\n    # print error to STDERR\n    echo \"error: The sandbox is not in sync with the Podfile.lock. Run 'pod install' or update your CocoaPods installation.\" >&2\n    exit 1\nfi\n# This output is used by Xcode 'outputs' to avoid re-running this script phase.\necho \"SUCCESS\" > \"${SCRIPT_OUTPUT_FILE_0}\"\n";
			showEnvVarsInLog = 0;
		};
		EF34163D125E0C46AE4051E8 /* [CP] Check Pods Manifest.lock */ = {
			isa = PBXShellScriptBuildPhase;
			buildActionMask = 2147483647;
			files = (
			);
			inputFileListPaths = (
			);
			inputPaths = (
				"${PODS_PODFILE_DIR_PATH}/Podfile.lock",
				"${PODS_ROOT}/Manifest.lock",
			);
			name = "[CP] Check Pods Manifest.lock";
			outputFileListPaths = (
			);
			outputPaths = (
				"$(DERIVED_FILE_DIR)/Pods-prototype-iosTests-checkManifestLockResult.txt",
			);
			runOnlyForDeploymentPostprocessing = 0;
			shellPath = /bin/sh;
			shellScript = "diff \"${PODS_PODFILE_DIR_PATH}/Podfile.lock\" \"${PODS_ROOT}/Manifest.lock\" > /dev/null\nif [ $? != 0 ] ; then\n    # print error to STDERR\n    echo \"error: The sandbox is not in sync with the Podfile.lock. Run 'pod install' or update your CocoaPods installation.\" >&2\n    exit 1\nfi\n# This output is used by Xcode 'outputs' to avoid re-running this script phase.\necho \"SUCCESS\" > \"${SCRIPT_OUTPUT_FILE_0}\"\n";
			showEnvVarsInLog = 0;
		};
/* End PBXShellScriptBuildPhase section */

/* Begin PBXSourcesBuildPhase section */
		59C539702B98477E00BA01CD /* Sources */ = {
			isa = PBXSourcesBuildPhase;
			buildActionMask = 2147483647;
			files = (
				59C539AB2B9886F800BA01CD /* MainViewModel.swift in Sources */,
				59C539AD2B98876200BA01CD /* MainView.swift in Sources */,
				59C539782B98477E00BA01CD /* prototype_iosApp.swift in Sources */,
				59D500A62B9AE7B300ECF95F /* WikiopediaManager.swift in Sources */,
				59C539A22B9857E100BA01CD /* SpeechRecognizer.swift in Sources */,
				59C539A52B986D9E00BA01CD /* TextProcessor.swift in Sources */,
			);
			runOnlyForDeploymentPostprocessing = 0;
		};
		59C539802B98478000BA01CD /* Sources */ = {
			isa = PBXSourcesBuildPhase;
			buildActionMask = 2147483647;
			files = (
				59C539892B98478000BA01CD /* prototype_iosTests.swift in Sources */,
			);
			runOnlyForDeploymentPostprocessing = 0;
		};
		59C5398A2B98478000BA01CD /* Sources */ = {
			isa = PBXSourcesBuildPhase;
			buildActionMask = 2147483647;
			files = (
				59C539932B98478000BA01CD /* prototype_iosUITests.swift in Sources */,
				59C539952B98478000BA01CD /* prototype_iosUITestsLaunchTests.swift in Sources */,
			);
			runOnlyForDeploymentPostprocessing = 0;
		};
/* End PBXSourcesBuildPhase section */

/* Begin PBXTargetDependency section */
		59C539862B98478000BA01CD /* PBXTargetDependency */ = {
			isa = PBXTargetDependency;
			target = 59C539732B98477E00BA01CD /* prototype-ios */;
			targetProxy = 59C539852B98478000BA01CD /* PBXContainerItemProxy */;
		};
		59C539902B98478000BA01CD /* PBXTargetDependency */ = {
			isa = PBXTargetDependency;
			target = 59C539732B98477E00BA01CD /* prototype-ios */;
			targetProxy = 59C5398F2B98478000BA01CD /* PBXContainerItemProxy */;
		};
/* End PBXTargetDependency section */

/* Begin XCBuildConfiguration section */
		59C539962B98478000BA01CD /* Debug */ = {
			isa = XCBuildConfiguration;
			buildSettings = {
				ALWAYS_SEARCH_USER_PATHS = NO;
				ASSETCATALOG_COMPILER_GENERATE_SWIFT_ASSET_SYMBOL_EXTENSIONS = YES;
				CLANG_ANALYZER_NONNULL = YES;
				CLANG_ANALYZER_NUMBER_OBJECT_CONVERSION = YES_AGGRESSIVE;
				CLANG_CXX_LANGUAGE_STANDARD = "gnu++20";
				CLANG_ENABLE_MODULES = YES;
				CLANG_ENABLE_OBJC_ARC = YES;
				CLANG_ENABLE_OBJC_WEAK = YES;
				CLANG_WARN_BLOCK_CAPTURE_AUTORELEASING = YES;
				CLANG_WARN_BOOL_CONVERSION = YES;
				CLANG_WARN_COMMA = YES;
				CLANG_WARN_CONSTANT_CONVERSION = YES;
				CLANG_WARN_DEPRECATED_OBJC_IMPLEMENTATIONS = YES;
				CLANG_WARN_DIRECT_OBJC_ISA_USAGE = YES_ERROR;
				CLANG_WARN_DOCUMENTATION_COMMENTS = YES;
				CLANG_WARN_EMPTY_BODY = YES;
				CLANG_WARN_ENUM_CONVERSION = YES;
				CLANG_WARN_INFINITE_RECURSION = YES;
				CLANG_WARN_INT_CONVERSION = YES;
				CLANG_WARN_NON_LITERAL_NULL_CONVERSION = YES;
				CLANG_WARN_OBJC_IMPLICIT_RETAIN_SELF = YES;
				CLANG_WARN_OBJC_LITERAL_CONVERSION = YES;
				CLANG_WARN_OBJC_ROOT_CLASS = YES_ERROR;
				CLANG_WARN_QUOTED_INCLUDE_IN_FRAMEWORK_HEADER = YES;
				CLANG_WARN_RANGE_LOOP_ANALYSIS = YES;
				CLANG_WARN_STRICT_PROTOTYPES = YES;
				CLANG_WARN_SUSPICIOUS_MOVE = YES;
				CLANG_WARN_UNGUARDED_AVAILABILITY = YES_AGGRESSIVE;
				CLANG_WARN_UNREACHABLE_CODE = YES;
				CLANG_WARN__DUPLICATE_METHOD_MATCH = YES;
				COPY_PHASE_STRIP = NO;
				DEBUG_INFORMATION_FORMAT = dwarf;
				ENABLE_STRICT_OBJC_MSGSEND = YES;
				ENABLE_TESTABILITY = YES;
				ENABLE_USER_SCRIPT_SANDBOXING = YES;
				GCC_C_LANGUAGE_STANDARD = gnu17;
				GCC_DYNAMIC_NO_PIC = NO;
				GCC_NO_COMMON_BLOCKS = YES;
				GCC_OPTIMIZATION_LEVEL = 0;
				GCC_PREPROCESSOR_DEFINITIONS = (
					"DEBUG=1",
					"$(inherited)",
				);
				GCC_WARN_64_TO_32_BIT_CONVERSION = YES;
				GCC_WARN_ABOUT_RETURN_TYPE = YES_ERROR;
				GCC_WARN_UNDECLARED_SELECTOR = YES;
				GCC_WARN_UNINITIALIZED_AUTOS = YES_AGGRESSIVE;
				GCC_WARN_UNUSED_FUNCTION = YES;
				GCC_WARN_UNUSED_VARIABLE = YES;
				IPHONEOS_DEPLOYMENT_TARGET = 17.2;
				LOCALIZATION_PREFERS_STRING_CATALOGS = YES;
				MTL_ENABLE_DEBUG_INFO = INCLUDE_SOURCE;
				MTL_FAST_MATH = YES;
				ONLY_ACTIVE_ARCH = YES;
				SDKROOT = iphoneos;
				SWIFT_ACTIVE_COMPILATION_CONDITIONS = "DEBUG $(inherited)";
				SWIFT_OPTIMIZATION_LEVEL = "-Onone";
			};
			name = Debug;
		};
		59C539972B98478000BA01CD /* Release */ = {
			isa = XCBuildConfiguration;
			buildSettings = {
				ALWAYS_SEARCH_USER_PATHS = NO;
				ASSETCATALOG_COMPILER_GENERATE_SWIFT_ASSET_SYMBOL_EXTENSIONS = YES;
				CLANG_ANALYZER_NONNULL = YES;
				CLANG_ANALYZER_NUMBER_OBJECT_CONVERSION = YES_AGGRESSIVE;
				CLANG_CXX_LANGUAGE_STANDARD = "gnu++20";
				CLANG_ENABLE_MODULES = YES;
				CLANG_ENABLE_OBJC_ARC = YES;
				CLANG_ENABLE_OBJC_WEAK = YES;
				CLANG_WARN_BLOCK_CAPTURE_AUTORELEASING = YES;
				CLANG_WARN_BOOL_CONVERSION = YES;
				CLANG_WARN_COMMA = YES;
				CLANG_WARN_CONSTANT_CONVERSION = YES;
				CLANG_WARN_DEPRECATED_OBJC_IMPLEMENTATIONS = YES;
				CLANG_WARN_DIRECT_OBJC_ISA_USAGE = YES_ERROR;
				CLANG_WARN_DOCUMENTATION_COMMENTS = YES;
				CLANG_WARN_EMPTY_BODY = YES;
				CLANG_WARN_ENUM_CONVERSION = YES;
				CLANG_WARN_INFINITE_RECURSION = YES;
				CLANG_WARN_INT_CONVERSION = YES;
				CLANG_WARN_NON_LITERAL_NULL_CONVERSION = YES;
				CLANG_WARN_OBJC_IMPLICIT_RETAIN_SELF = YES;
				CLANG_WARN_OBJC_LITERAL_CONVERSION = YES;
				CLANG_WARN_OBJC_ROOT_CLASS = YES_ERROR;
				CLANG_WARN_QUOTED_INCLUDE_IN_FRAMEWORK_HEADER = YES;
				CLANG_WARN_RANGE_LOOP_ANALYSIS = YES;
				CLANG_WARN_STRICT_PROTOTYPES = YES;
				CLANG_WARN_SUSPICIOUS_MOVE = YES;
				CLANG_WARN_UNGUARDED_AVAILABILITY = YES_AGGRESSIVE;
				CLANG_WARN_UNREACHABLE_CODE = YES;
				CLANG_WARN__DUPLICATE_METHOD_MATCH = YES;
				COPY_PHASE_STRIP = NO;
				DEBUG_INFORMATION_FORMAT = "dwarf-with-dsym";
				ENABLE_NS_ASSERTIONS = NO;
				ENABLE_STRICT_OBJC_MSGSEND = YES;
				ENABLE_USER_SCRIPT_SANDBOXING = YES;
				GCC_C_LANGUAGE_STANDARD = gnu17;
				GCC_NO_COMMON_BLOCKS = YES;
				GCC_WARN_64_TO_32_BIT_CONVERSION = YES;
				GCC_WARN_ABOUT_RETURN_TYPE = YES_ERROR;
				GCC_WARN_UNDECLARED_SELECTOR = YES;
				GCC_WARN_UNINITIALIZED_AUTOS = YES_AGGRESSIVE;
				GCC_WARN_UNUSED_FUNCTION = YES;
				GCC_WARN_UNUSED_VARIABLE = YES;
				IPHONEOS_DEPLOYMENT_TARGET = 17.2;
				LOCALIZATION_PREFERS_STRING_CATALOGS = YES;
				MTL_ENABLE_DEBUG_INFO = NO;
				MTL_FAST_MATH = YES;
				SDKROOT = iphoneos;
				SWIFT_COMPILATION_MODE = wholemodule;
				VALIDATE_PRODUCT = YES;
			};
			name = Release;
		};
		59C539992B98478000BA01CD /* Debug */ = {
			isa = XCBuildConfiguration;
			baseConfigurationReference = 6F1D7D375D918F6C2174B0EA /* Pods-prototype-ios.debug.xcconfig */;
			buildSettings = {
				ASSETCATALOG_COMPILER_APPICON_NAME = AppIcon;
				ASSETCATALOG_COMPILER_GLOBAL_ACCENT_COLOR_NAME = AccentColor;
				CODE_SIGN_STYLE = Automatic;
				CURRENT_PROJECT_VERSION = 1;
				DEVELOPMENT_ASSET_PATHS = "\"prototype-ios/Preview Content\"";
				DEVELOPMENT_TEAM = G3SP7F6JNW;
				ENABLE_PREVIEWS = YES;
				ENABLE_USER_SCRIPT_SANDBOXING = NO;
				GENERATE_INFOPLIST_FILE = YES;
				INFOPLIST_FILE = "prototype-ios/Info.plist";
				INFOPLIST_KEY_NSMicrophoneUsageDescription = "";
				INFOPLIST_KEY_NSSpeechRecognitionUsageDescription = "";
				INFOPLIST_KEY_UIApplicationSceneManifest_Generation = YES;
				INFOPLIST_KEY_UIApplicationSupportsIndirectInputEvents = YES;
				INFOPLIST_KEY_UILaunchScreen_Generation = YES;
				INFOPLIST_KEY_UISupportedInterfaceOrientations_iPad = "UIInterfaceOrientationPortrait UIInterfaceOrientationPortraitUpsideDown UIInterfaceOrientationLandscapeLeft UIInterfaceOrientationLandscapeRight";
				INFOPLIST_KEY_UISupportedInterfaceOrientations_iPhone = "UIInterfaceOrientationPortrait UIInterfaceOrientationLandscapeLeft UIInterfaceOrientationLandscapeRight";
				LD_RUNPATH_SEARCH_PATHS = (
					"$(inherited)",
					"@executable_path/Frameworks",
				);
				MARKETING_VERSION = 1.0;
				PRODUCT_BUNDLE_IDENTIFIER = "com.shinyamaguchi.prototype-ios";
				PRODUCT_NAME = "$(TARGET_NAME)";
				SWIFT_EMIT_LOC_STRINGS = YES;
				SWIFT_VERSION = 5.0;
				TARGETED_DEVICE_FAMILY = "1,2";
			};
			name = Debug;
		};
		59C5399A2B98478000BA01CD /* Release */ = {
			isa = XCBuildConfiguration;
			baseConfigurationReference = 4B0744C1A0300B8DBF96D6E5 /* Pods-prototype-ios.release.xcconfig */;
			buildSettings = {
				ASSETCATALOG_COMPILER_APPICON_NAME = AppIcon;
				ASSETCATALOG_COMPILER_GLOBAL_ACCENT_COLOR_NAME = AccentColor;
				CODE_SIGN_STYLE = Automatic;
				CURRENT_PROJECT_VERSION = 1;
				DEVELOPMENT_ASSET_PATHS = "\"prototype-ios/Preview Content\"";
				DEVELOPMENT_TEAM = G3SP7F6JNW;
				ENABLE_PREVIEWS = YES;
				ENABLE_USER_SCRIPT_SANDBOXING = NO;
				GENERATE_INFOPLIST_FILE = YES;
				INFOPLIST_FILE = "prototype-ios/Info.plist";
				INFOPLIST_KEY_NSMicrophoneUsageDescription = "";
				INFOPLIST_KEY_NSSpeechRecognitionUsageDescription = "";
				INFOPLIST_KEY_UIApplicationSceneManifest_Generation = YES;
				INFOPLIST_KEY_UIApplicationSupportsIndirectInputEvents = YES;
				INFOPLIST_KEY_UILaunchScreen_Generation = YES;
				INFOPLIST_KEY_UISupportedInterfaceOrientations_iPad = "UIInterfaceOrientationPortrait UIInterfaceOrientationPortraitUpsideDown UIInterfaceOrientationLandscapeLeft UIInterfaceOrientationLandscapeRight";
				INFOPLIST_KEY_UISupportedInterfaceOrientations_iPhone = "UIInterfaceOrientationPortrait UIInterfaceOrientationLandscapeLeft UIInterfaceOrientationLandscapeRight";
				LD_RUNPATH_SEARCH_PATHS = (
					"$(inherited)",
					"@executable_path/Frameworks",
				);
				MARKETING_VERSION = 1.0;
				PRODUCT_BUNDLE_IDENTIFIER = "com.shinyamaguchi.prototype-ios";
				PRODUCT_NAME = "$(TARGET_NAME)";
				SWIFT_EMIT_LOC_STRINGS = YES;
				SWIFT_VERSION = 5.0;
				TARGETED_DEVICE_FAMILY = "1,2";
			};
			name = Release;
		};
		59C5399C2B98478000BA01CD /* Debug */ = {
			isa = XCBuildConfiguration;
			baseConfigurationReference = 549BF7859D1CCEBA498EDCD6 /* Pods-prototype-iosTests.debug.xcconfig */;
			buildSettings = {
				ALWAYS_EMBED_SWIFT_STANDARD_LIBRARIES = YES;
				BUNDLE_LOADER = "$(TEST_HOST)";
				CODE_SIGN_STYLE = Automatic;
				CURRENT_PROJECT_VERSION = 1;
				GENERATE_INFOPLIST_FILE = YES;
				IPHONEOS_DEPLOYMENT_TARGET = 17.2;
				MARKETING_VERSION = 1.0;
				PRODUCT_BUNDLE_IDENTIFIER = "com.shinyamaguchi.prototype-iosTests";
				PRODUCT_NAME = "$(TARGET_NAME)";
				SWIFT_EMIT_LOC_STRINGS = NO;
				SWIFT_VERSION = 5.0;
				TARGETED_DEVICE_FAMILY = "1,2";
				TEST_HOST = "$(BUILT_PRODUCTS_DIR)/prototype-ios.app/$(BUNDLE_EXECUTABLE_FOLDER_PATH)/prototype-ios";
			};
			name = Debug;
		};
		59C5399D2B98478000BA01CD /* Release */ = {
			isa = XCBuildConfiguration;
			baseConfigurationReference = 2E9412BF24E8E6BD87C97AE2 /* Pods-prototype-iosTests.release.xcconfig */;
			buildSettings = {
				ALWAYS_EMBED_SWIFT_STANDARD_LIBRARIES = YES;
				BUNDLE_LOADER = "$(TEST_HOST)";
				CODE_SIGN_STYLE = Automatic;
				CURRENT_PROJECT_VERSION = 1;
				GENERATE_INFOPLIST_FILE = YES;
				IPHONEOS_DEPLOYMENT_TARGET = 17.2;
				MARKETING_VERSION = 1.0;
				PRODUCT_BUNDLE_IDENTIFIER = "com.shinyamaguchi.prototype-iosTests";
				PRODUCT_NAME = "$(TARGET_NAME)";
				SWIFT_EMIT_LOC_STRINGS = NO;
				SWIFT_VERSION = 5.0;
				TARGETED_DEVICE_FAMILY = "1,2";
				TEST_HOST = "$(BUILT_PRODUCTS_DIR)/prototype-ios.app/$(BUNDLE_EXECUTABLE_FOLDER_PATH)/prototype-ios";
			};
			name = Release;
		};
		59C5399F2B98478000BA01CD /* Debug */ = {
			isa = XCBuildConfiguration;
			baseConfigurationReference = 5C0E7AB9430FF5D2AE36E663 /* Pods-prototype-ios-prototype-iosUITests.debug.xcconfig */;
			buildSettings = {
				ALWAYS_EMBED_SWIFT_STANDARD_LIBRARIES = YES;
				CODE_SIGN_STYLE = Automatic;
				CURRENT_PROJECT_VERSION = 1;
				GENERATE_INFOPLIST_FILE = YES;
				MARKETING_VERSION = 1.0;
				PRODUCT_BUNDLE_IDENTIFIER = "com.shinyamaguchi.prototype-iosUITests";
				PRODUCT_NAME = "$(TARGET_NAME)";
				SWIFT_EMIT_LOC_STRINGS = NO;
				SWIFT_VERSION = 5.0;
				TARGETED_DEVICE_FAMILY = "1,2";
				TEST_TARGET_NAME = "prototype-ios";
			};
			name = Debug;
		};
		59C539A02B98478000BA01CD /* Release */ = {
			isa = XCBuildConfiguration;
			baseConfigurationReference = C8F221A6FF7C8DDDC39950C9 /* Pods-prototype-ios-prototype-iosUITests.release.xcconfig */;
			buildSettings = {
				ALWAYS_EMBED_SWIFT_STANDARD_LIBRARIES = YES;
				CODE_SIGN_STYLE = Automatic;
				CURRENT_PROJECT_VERSION = 1;
				GENERATE_INFOPLIST_FILE = YES;
				MARKETING_VERSION = 1.0;
				PRODUCT_BUNDLE_IDENTIFIER = "com.shinyamaguchi.prototype-iosUITests";
				PRODUCT_NAME = "$(TARGET_NAME)";
				SWIFT_EMIT_LOC_STRINGS = NO;
				SWIFT_VERSION = 5.0;
				TARGETED_DEVICE_FAMILY = "1,2";
				TEST_TARGET_NAME = "prototype-ios";
			};
			name = Release;
		};
/* End XCBuildConfiguration section */

/* Begin XCConfigurationList section */
		59C5396F2B98477E00BA01CD /* Build configuration list for PBXProject "prototype-ios" */ = {
			isa = XCConfigurationList;
			buildConfigurations = (
				59C539962B98478000BA01CD /* Debug */,
				59C539972B98478000BA01CD /* Release */,
			);
			defaultConfigurationIsVisible = 0;
			defaultConfigurationName = Release;
		};
		59C539982B98478000BA01CD /* Build configuration list for PBXNativeTarget "prototype-ios" */ = {
			isa = XCConfigurationList;
			buildConfigurations = (
				59C539992B98478000BA01CD /* Debug */,
				59C5399A2B98478000BA01CD /* Release */,
			);
			defaultConfigurationIsVisible = 0;
			defaultConfigurationName = Release;
		};
		59C5399B2B98478000BA01CD /* Build configuration list for PBXNativeTarget "prototype-iosTests" */ = {
			isa = XCConfigurationList;
			buildConfigurations = (
				59C5399C2B98478000BA01CD /* Debug */,
				59C5399D2B98478000BA01CD /* Release */,
			);
			defaultConfigurationIsVisible = 0;
			defaultConfigurationName = Release;
		};
		59C5399E2B98478000BA01CD /* Build configuration list for PBXNativeTarget "prototype-iosUITests" */ = {
			isa = XCConfigurationList;
			buildConfigurations = (
				59C5399F2B98478000BA01CD /* Debug */,
				59C539A02B98478000BA01CD /* Release */,
			);
			defaultConfigurationIsVisible = 0;
			defaultConfigurationName = Release;
		};
/* End XCConfigurationList section */
	};
	rootObject = 59C5396C2B98477E00BA01CD /* Project object */;
}
